
Microsoft Visual Studio Solution File, Format Version 12.00
# Visual Studio 15
VisualStudioVersion = 15.0.28010.2046
MinimumVisualStudioVersion = 10.0.40219.1
Project("{FAE04EC0-301F-11D3-BF4B-00C04F79EFBC}") = "DemoWebApi.Tests", "DemoWebApi.Tests\DemoWebApi.Tests.csproj", "{AD0B2CB5-B061-43F3-B5EB-DA0FB1A4526E}"
EndProject
Project("{FAE04EC0-301F-11D3-BF4B-00C04F79EFBC}") = "DemoWebApi.ProductsApp", "DemoWebApi.ProductsApp\DemoWebApi.ProductsApp.csproj", "{B9E7E050-FFDC-4AF6-B5BB-31982C24FA51}"
EndProject
Project("{FAE04EC0-301F-11D3-BF4B-00C04F79EFBC}") = "DemoWebApi.WebForm", "DemoWebApi.WebForm\DemoWebApi.WebForm.csproj", "{5842A827-3101-425A-A16F-CCF62CB57E5B}"
EndProject
Global
	GlobalSection(SolutionConfigurationPlatforms) = preSolution
		Debug|Any CPU = Debug|Any CPU
		Release|Any CPU = Release|Any CPU
	EndGlobalSection
	GlobalSection(ProjectConfigurationPlatforms) = postSolution
		{AD0B2CB5-B061-43F3-B5EB-DA0FB1A4526E}.Debug|Any CPU.ActiveCfg = Debug|Any CPU
		{AD0B2CB5-B061-43F3-B5EB-DA0FB1A4526E}.Debug|Any CPU.Build.0 = Debug|Any CPU
		{AD0B2CB5-B061-43F3-B5EB-DA0FB1A4526E}.Release|Any CPU.ActiveCfg = Release|Any CPU
		{AD0B2CB5-B061-43F3-B5EB-DA0FB1A4526E}.Release|Any CPU.Build.0 = Release|Any CPU
		{B9E7E050-FFDC-4AF6-B5BB-31982C24FA51}.Debug|Any CPU.ActiveCfg = Debug|Any CPU
		{B9E7E050-FFDC-4AF6-B5BB-31982C24FA51}.Debug|Any CPU.Build.0 = Debug|Any CPU
		{B9E7E050-FFDC-4AF6-B5BB-31982C24FA51}.Release|Any CPU.ActiveCfg = Release|Any CPU
		{B9E7E050-FFDC-4AF6-B5BB-31982C24FA51}.Release|Any CPU.Build.0 = Release|Any CPU
		{5842A827-3101-425A-A16F-CCF62CB57E5B}.Debug|Any CPU.ActiveCfg = Debug|Any CPU
		{5842A827-3101-425A-A16F-CCF62CB57E5B}.Debug|Any CPU.Build.0 = Debug|Any CPU
		{5842A827-3101-425A-A16F-CCF62CB57E5B}.Release|Any CPU.ActiveCfg = Release|Any CPU
		{5842A827-3101-425A-A16F-CCF62CB57E5B}.Release|Any CPU.Build.0 = Release|Any CPU
	EndGlobalSection
	GlobalSection(SolutionProperties) = preSolution
		HideSolutionNode = FALSE
	EndGlobalSection
	GlobalSection(ExtensibilityGlobals) = postSolution
		SolutionGuid = {74E463E3-3BA1-4582-AF62-CB35FD96ACC8}
	EndGlobalSection
EndGlobal
